
Microsoft Visual Studio Solution File, Format Version 12.00
# Visual Studio Version 16
VisualStudioVersion = 16.0.31025.194
MinimumVisualStudioVersion = 10.0.40219.1
Project("{FAE04EC0-301F-11D3-BF4B-00C04F79EFBC}") = "APICore", "APICore\APICore.csproj", "{1B5280D5-A737-47B0-9899-BB83AAB5BC53}"
EndProject
Global
	GlobalSection(SolutionConfigurationPlatforms) = preSolution
		Debug|Any CPU = Debug|Any CPU
		Release|Any CPU = Release|Any CPU
	EndGlobalSection
	GlobalSection(ProjectConfigurationPlatforms) = postSolution
		{1B5280D5-A737-47B0-9899-BB83AAB5BC53}.Debug|Any CPU.ActiveCfg = Debug|Any CPU
		{1B5280D5-A737-47B0-9899-BB83AAB5BC53}.Debug|Any CPU.Build.0 = Debug|Any CPU
		{1B5280D5-A737-47B0-9899-BB83AAB5BC53}.Release|Any CPU.ActiveCfg = Release|Any CPU
		{1B5280D5-A737-47B0-9899-BB83AAB5BC53}.Release|Any CPU.Build.0 = Release|Any CPU
	EndGlobalSection
	GlobalSection(SolutionProperties) = preSolution
		HideSolutionNode = FALSE
	EndGlobalSection
	GlobalSection(ExtensibilityGlobals) = postSolution
		SolutionGuid = {3F8CCB3F-EF2B-495D-AFBF-24E9DF876F3D}
	EndGlobalSection
EndGlobal
